
Microsoft Visual Studio Solution File, Format Version 12.00
# Visual Studio Version 17
VisualStudioVersion = 17.7.34031.279
MinimumVisualStudioVersion = 10.0.40219.1
Project("{FAE04EC0-301F-11D3-BF4B-00C04F79EFBC}") = "MegaDesk_CHIRUNGA", "MegaDesk_CHIRUNGA\MegaDesk_CHIRUNGA.csproj", "{8C36680B-6B61-45B3-9524-539131D16AE5}"
EndProject
Global
	GlobalSection(SolutionConfigurationPlatforms) = preSolution
		Debug|Any CPU = Debug|Any CPU
		Release|Any CPU = Release|Any CPU
	EndGlobalSection
	GlobalSection(ProjectConfigurationPlatforms) = postSolution
		{8C36680B-6B61-45B3-9524-539131D16AE5}.Debug|Any CPU.ActiveCfg = Debug|Any CPU
		{8C36680B-6B61-45B3-9524-539131D16AE5}.Debug|Any CPU.Build.0 = Debug|Any CPU
		{8C36680B-6B61-45B3-9524-539131D16AE5}.Release|Any CPU.ActiveCfg = Release|Any CPU
		{8C36680B-6B61-45B3-9524-539131D16AE5}.Release|Any CPU.Build.0 = Release|Any CPU
	EndGlobalSection
	GlobalSection(SolutionProperties) = preSolution
		HideSolutionNode = FALSE
	EndGlobalSection
	GlobalSection(ExtensibilityGlobals) = postSolution
		SolutionGuid = {5A6F5DB9-3C66-4C19-9FF4-5F6895F5CC8E}
	EndGlobalSection
EndGlobal
